// !$*UTF8*$!
{
	archiveVersion = 1;
	classes = {
	};
	objectVersion = 46;
	objects = {

/* Begin PBXBuildFile section */
		AB0196BC1B6579EC000A6F5A /* main.cpp in Sources */ = {isa = PBXBuildFile; fileRef = AB0196BB1B6579EC000A6F5A /* main.cpp */; };
		AB0196C41B657A0A000A6F5A /* Host.cpp in Sources */ = {isa = PBXBuildFile; fileRef = AB0196C21B657A0A000A6F5A /* Host.cpp */; };
		AB0196C71B657AEE000A6F5A /* IP.cpp in Sources */ = {isa = PBXBuildFile; fileRef = AB0196C51B657AEE000A6F5A /* IP.cpp */; };
		AB0196CA1B657C12000A6F5A /* Service.cpp in Sources */ = {isa = PBXBuildFile; fileRef = AB0196C81B657C12000A6F5A /* Service.cpp */; };
		AB0196CF1B657E33000A6F5A /* Exploit.cpp in Sources */ = {isa = PBXBuildFile; fileRef = AB0196CD1B657E33000A6F5A /* Exploit.cpp */; };
		AB0196D71B658978000A6F5A /* SSHService.cpp in Sources */ = {isa = PBXBuildFile; fileRef = AB0196D51B658978000A6F5A /* SSHService.cpp */; };
		AB0196DA1B658A1C000A6F5A /* Localhost.cpp in Sources */ = {isa = PBXBuildFile; fileRef = AB0196D81B658A1C000A6F5A /* Localhost.cpp */; };
		AB0196E01B65A663000A6F5A /* FTPService.cpp in Sources */ = {isa = PBXBuildFile; fileRef = AB0196DE1B65A663000A6F5A /* FTPService.cpp */; };
		AB0196E31B65A77E000A6F5A /* Shell.cpp in Sources */ = {isa = PBXBuildFile; fileRef = AB0196E11B65A77E000A6F5A /* Shell.cpp */; };
		AB09C9F71B65BA2600759DAE /* Program.cpp in Sources */ = {isa = PBXBuildFile; fileRef = AB09C9F51B65BA2600759DAE /* Program.cpp */; };
		AB09C9FA1B65BC1000759DAE /* LogDeleter.cpp in Sources */ = {isa = PBXBuildFile; fileRef = AB09C9F81B65BC1000759DAE /* LogDeleter.cpp */; };
		AB09C9FD1B65BD6100759DAE /* ShellService.cpp in Sources */ = {isa = PBXBuildFile; fileRef = AB09C9FB1B65BD6100759DAE /* ShellService.cpp */; };
		AB4C23841B66A8B20079C62B /* Cracker.cpp in Sources */ = {isa = PBXBuildFile; fileRef = AB4C23821B66A8B20079C62B /* Cracker.cpp */; };
		AB4C23871B66B02D0079C62B /* TransDeleter.cpp in Sources */ = {isa = PBXBuildFile; fileRef = AB4C23851B66B02D0079C62B /* TransDeleter.cpp */; };
		AB4C238A1B66B41A0079C62B /* Internet.cpp in Sources */ = {isa = PBXBuildFile; fileRef = AB4C23881B66B41A0079C62B /* Internet.cpp */; };
		AB4C238E1B66BEA60079C62B /* ScannerProgram.cpp in Sources */ = {isa = PBXBuildFile; fileRef = AB4C238C1B66BEA60079C62B /* ScannerProgram.cpp */; };
		AB4C23911B66D96C0079C62B /* Person.cpp in Sources */ = {isa = PBXBuildFile; fileRef = AB4C238F1B66D96C0079C62B /* Person.cpp */; };
		AB716CC11B6690510053EC49 /* SMTPService.cpp in Sources */ = {isa = PBXBuildFile; fileRef = AB716CBF1B6690510053EC49 /* SMTPService.cpp */; };
		AB716CC41B669B0D0053EC49 /* FinanceService.cpp in Sources */ = {isa = PBXBuildFile; fileRef = AB716CC21B669B0D0053EC49 /* FinanceService.cpp */; };
		AB716CC71B66A2060053EC49 /* Robber.cpp in Sources */ = {isa = PBXBuildFile; fileRef = AB716CC51B66A2060053EC49 /* Robber.cpp */; };
/* End PBXBuildFile section */

/* Begin PBXCopyFilesBuildPhase section */
		AB0196B61B6579EC000A6F5A /* CopyFiles */ = {
			isa = PBXCopyFilesBuildPhase;
			buildActionMask = 2147483647;
			dstPath = /usr/share/man/man1;
			dstSubfolderSpec = 0;
			files = (
			);
			runOnlyForDeploymentPostprocessing = 1;
		};
/* End PBXCopyFilesBuildPhase section */

/* Begin PBXFileReference section */
		AB0196B81B6579EC000A6F5A /* Hackers */ = {isa = PBXFileReference; explicitFileType = "compiled.mach-o.executable"; includeInIndex = 0; path = Hackers; sourceTree = BUILT_PRODUCTS_DIR; };
		AB0196BB1B6579EC000A6F5A /* main.cpp */ = {isa = PBXFileReference; lastKnownFileType = sourcecode.cpp.cpp; path = main.cpp; sourceTree = "<group>"; };
		AB0196C21B657A0A000A6F5A /* Host.cpp */ = {isa = PBXFileReference; fileEncoding = 4; lastKnownFileType = sourcecode.cpp.cpp; path = Host.cpp; sourceTree = "<group>"; };
		AB0196C31B657A0A000A6F5A /* Host.h */ = {isa = PBXFileReference; fileEncoding = 4; lastKnownFileType = sourcecode.c.h; path = Host.h; sourceTree = "<group>"; };
		AB0196C51B657AEE000A6F5A /* IP.cpp */ = {isa = PBXFileReference; fileEncoding = 4; lastKnownFileType = sourcecode.cpp.cpp; path = IP.cpp; sourceTree = "<group>"; };
		AB0196C61B657AEE000A6F5A /* IP.h */ = {isa = PBXFileReference; fileEncoding = 4; lastKnownFileType = sourcecode.c.h; path = IP.h; sourceTree = "<group>"; };
		AB0196C81B657C12000A6F5A /* Service.cpp */ = {isa = PBXFileReference; fileEncoding = 4; lastKnownFileType = sourcecode.cpp.cpp; path = Service.cpp; sourceTree = "<group>"; };
		AB0196C91B657C12000A6F5A /* Service.h */ = {isa = PBXFileReference; fileEncoding = 4; lastKnownFileType = sourcecode.c.h; path = Service.h; sourceTree = "<group>"; };
		AB0196CD1B657E33000A6F5A /* Exploit.cpp */ = {isa = PBXFileReference; fileEncoding = 4; lastKnownFileType = sourcecode.cpp.cpp; path = Exploit.cpp; sourceTree = "<group>"; };
		AB0196CE1B657E33000A6F5A /* Exploit.h */ = {isa = PBXFileReference; fileEncoding = 4; lastKnownFileType = sourcecode.c.h; path = Exploit.h; sourceTree = "<group>"; };
		AB0196D11B657FC6000A6F5A /* Vulnerability.h */ = {isa = PBXFileReference; fileEncoding = 4; lastKnownFileType = sourcecode.c.h; path = Vulnerability.h; sourceTree = "<group>"; };
		AB0196D51B658978000A6F5A /* SSHService.cpp */ = {isa = PBXFileReference; fileEncoding = 4; lastKnownFileType = sourcecode.cpp.cpp; path = SSHService.cpp; sourceTree = "<group>"; };
		AB0196D61B658978000A6F5A /* SSHService.h */ = {isa = PBXFileReference; fileEncoding = 4; lastKnownFileType = sourcecode.c.h; path = SSHService.h; sourceTree = "<group>"; };
		AB0196D81B658A1C000A6F5A /* Localhost.cpp */ = {isa = PBXFileReference; fileEncoding = 4; lastKnownFileType = sourcecode.cpp.cpp; path = Localhost.cpp; sourceTree = "<group>"; };
		AB0196D91B658A1C000A6F5A /* Localhost.h */ = {isa = PBXFileReference; fileEncoding = 4; lastKnownFileType = sourcecode.c.h; path = Localhost.h; sourceTree = "<group>"; };
		AB0196DE1B65A663000A6F5A /* FTPService.cpp */ = {isa = PBXFileReference; fileEncoding = 4; lastKnownFileType = sourcecode.cpp.cpp; path = FTPService.cpp; sourceTree = "<group>"; };
		AB0196DF1B65A663000A6F5A /* FTPService.h */ = {isa = PBXFileReference; fileEncoding = 4; lastKnownFileType = sourcecode.c.h; path = FTPService.h; sourceTree = "<group>"; };
		AB0196E11B65A77E000A6F5A /* Shell.cpp */ = {isa = PBXFileReference; fileEncoding = 4; lastKnownFileType = sourcecode.cpp.cpp; path = Shell.cpp; sourceTree = "<group>"; };
		AB0196E21B65A77E000A6F5A /* Shell.h */ = {isa = PBXFileReference; fileEncoding = 4; lastKnownFileType = sourcecode.c.h; path = Shell.h; sourceTree = "<group>"; };
		AB09C9F51B65BA2600759DAE /* Program.cpp */ = {isa = PBXFileReference; fileEncoding = 4; lastKnownFileType = sourcecode.cpp.cpp; path = Program.cpp; sourceTree = "<group>"; };
		AB09C9F61B65BA2600759DAE /* Program.h */ = {isa = PBXFileReference; fileEncoding = 4; lastKnownFileType = sourcecode.c.h; path = Program.h; sourceTree = "<group>"; };
		AB09C9F81B65BC1000759DAE /* LogDeleter.cpp */ = {isa = PBXFileReference; fileEncoding = 4; lastKnownFileType = sourcecode.cpp.cpp; path = LogDeleter.cpp; sourceTree = "<group>"; };
		AB09C9F91B65BC1000759DAE /* LogDeleter.h */ = {isa = PBXFileReference; fileEncoding = 4; lastKnownFileType = sourcecode.c.h; path = LogDeleter.h; sourceTree = "<group>"; };
		AB09C9FB1B65BD6100759DAE /* ShellService.cpp */ = {isa = PBXFileReference; fileEncoding = 4; lastKnownFileType = sourcecode.cpp.cpp; path = ShellService.cpp; sourceTree = "<group>"; };
		AB09C9FC1B65BD6100759DAE /* ShellService.h */ = {isa = PBXFileReference; fileEncoding = 4; lastKnownFileType = sourcecode.c.h; path = ShellService.h; sourceTree = "<group>"; };
		AB4C23821B66A8B20079C62B /* Cracker.cpp */ = {isa = PBXFileReference; fileEncoding = 4; lastKnownFileType = sourcecode.cpp.cpp; path = Cracker.cpp; sourceTree = "<group>"; };
		AB4C23831B66A8B20079C62B /* Cracker.h */ = {isa = PBXFileReference; fileEncoding = 4; lastKnownFileType = sourcecode.c.h; path = Cracker.h; sourceTree = "<group>"; };
		AB4C23851B66B02D0079C62B /* TransDeleter.cpp */ = {isa = PBXFileReference; fileEncoding = 4; lastKnownFileType = sourcecode.cpp.cpp; path = TransDeleter.cpp; sourceTree = "<group>"; };
		AB4C23861B66B02D0079C62B /* TransDeleter.h */ = {isa = PBXFileReference; fileEncoding = 4; lastKnownFileType = sourcecode.c.h; path = TransDeleter.h; sourceTree = "<group>"; };
		AB4C23881B66B41A0079C62B /* Internet.cpp */ = {isa = PBXFileReference; fileEncoding = 4; lastKnownFileType = sourcecode.cpp.cpp; path = Internet.cpp; sourceTree = "<group>"; };
		AB4C23891B66B41A0079C62B /* Internet.h */ = {isa = PBXFileReference; fileEncoding = 4; lastKnownFileType = sourcecode.c.h; path = Internet.h; sourceTree = "<group>"; };
		AB4C238C1B66BEA60079C62B /* ScannerProgram.cpp */ = {isa = PBXFileReference; fileEncoding = 4; lastKnownFileType = sourcecode.cpp.cpp; path = ScannerProgram.cpp; sourceTree = "<group>"; };
		AB4C238D1B66BEA60079C62B /* ScannerProgram.h */ = {isa = PBXFileReference; fileEncoding = 4; lastKnownFileType = sourcecode.c.h; path = ScannerProgram.h; sourceTree = "<group>"; };
		AB4C238F1B66D96C0079C62B /* Person.cpp */ = {isa = PBXFileReference; fileEncoding = 4; lastKnownFileType = sourcecode.cpp.cpp; path = Person.cpp; sourceTree = "<group>"; };
		AB4C23901B66D96C0079C62B /* Person.h */ = {isa = PBXFileReference; fileEncoding = 4; lastKnownFileType = sourcecode.c.h; path = Person.h; sourceTree = "<group>"; };
		AB716CBF1B6690510053EC49 /* SMTPService.cpp */ = {isa = PBXFileReference; fileEncoding = 4; lastKnownFileType = sourcecode.cpp.cpp; path = SMTPService.cpp; sourceTree = "<group>"; };
		AB716CC01B6690510053EC49 /* SMTPService.h */ = {isa = PBXFileReference; fileEncoding = 4; lastKnownFileType = sourcecode.c.h; path = SMTPService.h; sourceTree = "<group>"; };
		AB716CC21B669B0D0053EC49 /* FinanceService.cpp */ = {isa = PBXFileReference; fileEncoding = 4; lastKnownFileType = sourcecode.cpp.cpp; path = FinanceService.cpp; sourceTree = "<group>"; };
		AB716CC31B669B0D0053EC49 /* FinanceService.h */ = {isa = PBXFileReference; fileEncoding = 4; lastKnownFileType = sourcecode.c.h; path = FinanceService.h; sourceTree = "<group>"; };
		AB716CC51B66A2060053EC49 /* Robber.cpp */ = {isa = PBXFileReference; fileEncoding = 4; lastKnownFileType = sourcecode.cpp.cpp; path = Robber.cpp; sourceTree = "<group>"; };
		AB716CC61B66A2060053EC49 /* Robber.h */ = {isa = PBXFileReference; fileEncoding = 4; lastKnownFileType = sourcecode.c.h; path = Robber.h; sourceTree = "<group>"; };
/* End PBXFileReference section */

/* Begin PBXFrameworksBuildPhase section */
		AB0196B51B6579EC000A6F5A /* Frameworks */ = {
			isa = PBXFrameworksBuildPhase;
			buildActionMask = 2147483647;
			files = (
			);
			runOnlyForDeploymentPostprocessing = 0;
		};
/* End PBXFrameworksBuildPhase section */

/* Begin PBXGroup section */
		AB0196AF1B6579EC000A6F5A = {
			isa = PBXGroup;
			children = (
				AB0196BA1B6579EC000A6F5A /* Hackers */,
				AB0196B91B6579EC000A6F5A /* Products */,
			);
			sourceTree = "<group>";
		};
		AB0196B91B6579EC000A6F5A /* Products */ = {
			isa = PBXGroup;
			children = (
				AB0196B81B6579EC000A6F5A /* Hackers */,
			);
			name = Products;
			sourceTree = "<group>";
		};
		AB0196BA1B6579EC000A6F5A /* Hackers */ = {
			isa = PBXGroup;
			children = (
				AB0196CC1B657D28000A6F5A /* Hosts */,
				AB0196CB1B657D19000A6F5A /* Services */,
				AB0196BB1B6579EC000A6F5A /* main.cpp */,
				AB0196C51B657AEE000A6F5A /* IP.cpp */,
				AB0196C61B657AEE000A6F5A /* IP.h */,
				AB0196D31B65803C000A6F5A /* Vulnerabilities */,
				AB0196E11B65A77E000A6F5A /* Shell.cpp */,
				AB0196E21B65A77E000A6F5A /* Shell.h */,
				AB4C238B1B66BE8E0079C62B /* Programs */,
				AB4C23881B66B41A0079C62B /* Internet.cpp */,
				AB4C23891B66B41A0079C62B /* Internet.h */,
				AB4C238F1B66D96C0079C62B /* Person.cpp */,
				AB4C23901B66D96C0079C62B /* Person.h */,
			);
			path = Hackers;
			sourceTree = "<group>";
		};
		AB0196CB1B657D19000A6F5A /* Services */ = {
			isa = PBXGroup;
			children = (
				AB0196C81B657C12000A6F5A /* Service.cpp */,
				AB0196C91B657C12000A6F5A /* Service.h */,
				AB0196D51B658978000A6F5A /* SSHService.cpp */,
				AB0196D61B658978000A6F5A /* SSHService.h */,
				AB0196DE1B65A663000A6F5A /* FTPService.cpp */,
				AB0196DF1B65A663000A6F5A /* FTPService.h */,
				AB09C9FB1B65BD6100759DAE /* ShellService.cpp */,
				AB09C9FC1B65BD6100759DAE /* ShellService.h */,
				AB716CBF1B6690510053EC49 /* SMTPService.cpp */,
				AB716CC01B6690510053EC49 /* SMTPService.h */,
				AB716CC21B669B0D0053EC49 /* FinanceService.cpp */,
				AB716CC31B669B0D0053EC49 /* FinanceService.h */,
			);
			name = Services;
			sourceTree = "<group>";
		};
		AB0196CC1B657D28000A6F5A /* Hosts */ = {
			isa = PBXGroup;
			children = (
				AB0196C21B657A0A000A6F5A /* Host.cpp */,
				AB0196C31B657A0A000A6F5A /* Host.h */,
				AB0196D81B658A1C000A6F5A /* Localhost.cpp */,
				AB0196D91B658A1C000A6F5A /* Localhost.h */,
			);
			name = Hosts;
			sourceTree = "<group>";
		};
		AB0196D31B65803C000A6F5A /* Vulnerabilities */ = {
			isa = PBXGroup;
			children = (
				AB0196D11B657FC6000A6F5A /* Vulnerability.h */,
			);
			name = Vulnerabilities;
			sourceTree = "<group>";
		};
		AB0196D41B6580AA000A6F5A /* Exploits */ = {
			isa = PBXGroup;
			children = (
				AB0196CE1B657E33000A6F5A /* Exploit.h */,
				AB0196CD1B657E33000A6F5A /* Exploit.cpp */,
				AB09C9F81B65BC1000759DAE /* LogDeleter.cpp */,
				AB09C9F91B65BC1000759DAE /* LogDeleter.h */,
				AB716CC51B66A2060053EC49 /* Robber.cpp */,
				AB716CC61B66A2060053EC49 /* Robber.h */,
				AB4C23821B66A8B20079C62B /* Cracker.cpp */,
				AB4C23831B66A8B20079C62B /* Cracker.h */,
				AB4C23851B66B02D0079C62B /* TransDeleter.cpp */,
				AB4C23861B66B02D0079C62B /* TransDeleter.h */,
			);
			name = Exploits;
			sourceTree = "<group>";
		};
		AB4C238B1B66BE8E0079C62B /* Programs */ = {
			isa = PBXGroup;
			children = (
				AB0196D41B6580AA000A6F5A /* Exploits */,
				AB09C9F51B65BA2600759DAE /* Program.cpp */,
				AB09C9F61B65BA2600759DAE /* Program.h */,
				AB4C238C1B66BEA60079C62B /* ScannerProgram.cpp */,
				AB4C238D1B66BEA60079C62B /* ScannerProgram.h */,
			);
			name = Programs;
			sourceTree = "<group>";
		};
/* End PBXGroup section */

/* Begin PBXNativeTarget section */
		AB0196B71B6579EC000A6F5A /* Hackers */ = {
			isa = PBXNativeTarget;
			buildConfigurationList = AB0196BF1B6579EC000A6F5A /* Build configuration list for PBXNativeTarget "Hackers" */;
			buildPhases = (
				AB0196B41B6579EC000A6F5A /* Sources */,
				AB0196B51B6579EC000A6F5A /* Frameworks */,
				AB0196B61B6579EC000A6F5A /* CopyFiles */,
			);
			buildRules = (
			);
			dependencies = (
			);
			name = Hackers;
			productName = Hackers;
			productReference = AB0196B81B6579EC000A6F5A /* Hackers */;
			productType = "com.apple.product-type.tool";
		};
/* End PBXNativeTarget section */

/* Begin PBXProject section */
		AB0196B01B6579EC000A6F5A /* Project object */ = {
			isa = PBXProject;
			attributes = {
				LastUpgradeCheck = 0640;
				ORGANIZATIONNAME = "Jonathan Peck";
				TargetAttributes = {
					AB0196B71B6579EC000A6F5A = {
						CreatedOnToolsVersion = 6.4;
					};
				};
			};
			buildConfigurationList = AB0196B31B6579EC000A6F5A /* Build configuration list for PBXProject "Hackers" */;
			compatibilityVersion = "Xcode 3.2";
			developmentRegion = English;
			hasScannedForEncodings = 0;
			knownRegions = (
				en,
			);
			mainGroup = AB0196AF1B6579EC000A6F5A;
			productRefGroup = AB0196B91B6579EC000A6F5A /* Products */;
			projectDirPath = "";
			projectRoot = "";
			targets = (
				AB0196B71B6579EC000A6F5A /* Hackers */,
			);
		};
/* End PBXProject section */

/* Begin PBXSourcesBuildPhase section */
		AB0196B41B6579EC000A6F5A /* Sources */ = {
			isa = PBXSourcesBuildPhase;
			buildActionMask = 2147483647;
			files = (
				AB716CC71B66A2060053EC49 /* Robber.cpp in Sources */,
				AB4C238E1B66BEA60079C62B /* ScannerProgram.cpp in Sources */,
				AB716CC41B669B0D0053EC49 /* FinanceService.cpp in Sources */,
				AB4C238A1B66B41A0079C62B /* Internet.cpp in Sources */,
				AB09C9F71B65BA2600759DAE /* Program.cpp in Sources */,
				AB0196CF1B657E33000A6F5A /* Exploit.cpp in Sources */,
				AB09C9FA1B65BC1000759DAE /* LogDeleter.cpp in Sources */,
				AB0196C71B657AEE000A6F5A /* IP.cpp in Sources */,
				AB0196CA1B657C12000A6F5A /* Service.cpp in Sources */,
				AB4C23841B66A8B20079C62B /* Cracker.cpp in Sources */,
				AB716CC11B6690510053EC49 /* SMTPService.cpp in Sources */,
				AB0196D71B658978000A6F5A /* SSHService.cpp in Sources */,
				AB4C23871B66B02D0079C62B /* TransDeleter.cpp in Sources */,
				AB0196E01B65A663000A6F5A /* FTPService.cpp in Sources */,
				AB0196BC1B6579EC000A6F5A /* main.cpp in Sources */,
				AB0196C41B657A0A000A6F5A /* Host.cpp in Sources */,
				AB0196E31B65A77E000A6F5A /* Shell.cpp in Sources */,
				AB09C9FD1B65BD6100759DAE /* ShellService.cpp in Sources */,
				AB4C23911B66D96C0079C62B /* Person.cpp in Sources */,
				AB0196DA1B658A1C000A6F5A /* Localhost.cpp in Sources */,
			);
			runOnlyForDeploymentPostprocessing = 0;
		};
/* End PBXSourcesBuildPhase section */

/* Begin XCBuildConfiguration section */
		AB0196BD1B6579EC000A6F5A /* Debug */ = {
			isa = XCBuildConfiguration;
			buildSettings = {
				ALWAYS_SEARCH_USER_PATHS = NO;
				CLANG_CXX_LANGUAGE_STANDARD = "gnu++0x";
				CLANG_CXX_LIBRARY = "libc++";
				CLANG_ENABLE_MODULES = YES;
				CLANG_ENABLE_OBJC_ARC = YES;
				CLANG_WARN_BOOL_CONVERSION = YES;
				CLANG_WARN_CONSTANT_CONVERSION = YES;
				CLANG_WARN_DIRECT_OBJC_ISA_USAGE = YES_ERROR;
				CLANG_WARN_EMPTY_BODY = YES;
				CLANG_WARN_ENUM_CONVERSION = YES;
				CLANG_WARN_INT_CONVERSION = YES;
				CLANG_WARN_OBJC_ROOT_CLASS = YES_ERROR;
				CLANG_WARN_UNREACHABLE_CODE = YES;
				CLANG_WARN__DUPLICATE_METHOD_MATCH = YES;
				COPY_PHASE_STRIP = NO;
				DEBUG_INFORMATION_FORMAT = dwarf;
				ENABLE_STRICT_OBJC_MSGSEND = YES;
				GCC_C_LANGUAGE_STANDARD = gnu99;
				GCC_DYNAMIC_NO_PIC = NO;
				GCC_NO_COMMON_BLOCKS = YES;
				GCC_OPTIMIZATION_LEVEL = 0;
				GCC_PREPROCESSOR_DEFINITIONS = (
					"DEBUG=1",
					"$(inherited)",
				);
				GCC_SYMBOLS_PRIVATE_EXTERN = NO;
				GCC_WARN_64_TO_32_BIT_CONVERSION = YES;
				GCC_WARN_ABOUT_RETURN_TYPE = YES_ERROR;
				GCC_WARN_UNDECLARED_SELECTOR = YES;
				GCC_WARN_UNINITIALIZED_AUTOS = YES_AGGRESSIVE;
				GCC_WARN_UNUSED_FUNCTION = YES;
				GCC_WARN_UNUSED_VARIABLE = YES;
				MACOSX_DEPLOYMENT_TARGET = 10.10;
				MTL_ENABLE_DEBUG_INFO = YES;
				ONLY_ACTIVE_ARCH = YES;
				SDKROOT = macosx;
			};
			name = Debug;
		};
		AB0196BE1B6579EC000A6F5A /* Release */ = {
			isa = XCBuildConfiguration;
			buildSettings = {
				ALWAYS_SEARCH_USER_PATHS = NO;
				CLANG_CXX_LANGUAGE_STANDARD = "gnu++0x";
				CLANG_CXX_LIBRARY = "libc++";
				CLANG_ENABLE_MODULES = YES;
				CLANG_ENABLE_OBJC_ARC = YES;
				CLANG_WARN_BOOL_CONVERSION = YES;
				CLANG_WARN_CONSTANT_CONVERSION = YES;
				CLANG_WARN_DIRECT_OBJC_ISA_USAGE = YES_ERROR;
				CLANG_WARN_EMPTY_BODY = YES;
				CLANG_WARN_ENUM_CONVERSION = YES;
				CLANG_WARN_INT_CONVERSION = YES;
				CLANG_WARN_OBJC_ROOT_CLASS = YES_ERROR;
				CLANG_WARN_UNREACHABLE_CODE = YES;
				CLANG_WARN__DUPLICATE_METHOD_MATCH = YES;
				COPY_PHASE_STRIP = NO;
				DEBUG_INFORMATION_FORMAT = "dwarf-with-dsym";
				ENABLE_NS_ASSERTIONS = NO;
				ENABLE_STRICT_OBJC_MSGSEND = YES;
				GCC_C_LANGUAGE_STANDARD = gnu99;
				GCC_NO_COMMON_BLOCKS = YES;
				GCC_WARN_64_TO_32_BIT_CONVERSION = YES;
				GCC_WARN_ABOUT_RETURN_TYPE = YES_ERROR;
				GCC_WARN_UNDECLARED_SELECTOR = YES;
				GCC_WARN_UNINITIALIZED_AUTOS = YES_AGGRESSIVE;
				GCC_WARN_UNUSED_FUNCTION = YES;
				GCC_WARN_UNUSED_VARIABLE = YES;
				MACOSX_DEPLOYMENT_TARGET = 10.10;
				MTL_ENABLE_DEBUG_INFO = NO;
				SDKROOT = macosx;
			};
			name = Release;
		};
		AB0196C01B6579EC000A6F5A /* Debug */ = {
			isa = XCBuildConfiguration;
			buildSettings = {
				PRODUCT_NAME = "$(TARGET_NAME)";
			};
			name = Debug;
		};
		AB0196C11B6579EC000A6F5A /* Release */ = {
			isa = XCBuildConfiguration;
			buildSettings = {
				PRODUCT_NAME = "$(TARGET_NAME)";
			};
			name = Release;
		};
/* End XCBuildConfiguration section */

/* Begin XCConfigurationList section */
		AB0196B31B6579EC000A6F5A /* Build configuration list for PBXProject "Hackers" */ = {
			isa = XCConfigurationList;
			buildConfigurations = (
				AB0196BD1B6579EC000A6F5A /* Debug */,
				AB0196BE1B6579EC000A6F5A /* Release */,
			);
			defaultConfigurationIsVisible = 0;
			defaultConfigurationName = Release;
		};
		AB0196BF1B6579EC000A6F5A /* Build configuration list for PBXNativeTarget "Hackers" */ = {
			isa = XCConfigurationList;
			buildConfigurations = (
				AB0196C01B6579EC000A6F5A /* Debug */,
				AB0196C11B6579EC000A6F5A /* Release */,
			);
			defaultConfigurationIsVisible = 0;
			defaultConfigurationName = Release;
		};
/* End XCConfigurationList section */
	};
	rootObject = AB0196B01B6579EC000A6F5A /* Project object */;
}
